
Microsoft Visual Studio Solution File, Format Version 12.00
Project("{FAE04EC0-301F-11D3-BF4B-00C04F79EFBC}") = "PegasusEngine", "PegasusEngine\PegasusEngine.csproj", "{96269E77-C092-4207-8F5B-267EA3B479C5}"
EndProject
Project("{FAE04EC0-301F-11D3-BF4B-00C04F79EFBC}") = "PegasusEditor", "PegasusEditor\PegasusEditor.csproj", "{33BBA640-1634-4405-8A1A-4EF347664B2D}"
EndProject
Project("{FAE04EC0-301F-11D3-BF4B-00C04F79EFBC}") = "PegasusExport", "PegasusExport\PegasusExport.csproj", "{27F80194-DE96-4AE2-A2D4-961FC556E511}"
EndProject
Global
	GlobalSection(SolutionConfigurationPlatforms) = preSolution
		Debug|Any CPU = Debug|Any CPU
		Release|Any CPU = Release|Any CPU
	EndGlobalSection
	GlobalSection(ProjectConfigurationPlatforms) = postSolution
		{96269E77-C092-4207-8F5B-267EA3B479C5}.Release|Any CPU.ActiveCfg = Release|Any CPU
		{96269E77-C092-4207-8F5B-267EA3B479C5}.Release|Any CPU.Build.0 = Release|Any CPU
		{96269E77-C092-4207-8F5B-267EA3B479C5}.Debug|Any CPU.ActiveCfg = Release|Any CPU
		{96269E77-C092-4207-8F5B-267EA3B479C5}.Debug|Any CPU.Build.0 = Release|Any CPU
		{33BBA640-1634-4405-8A1A-4EF347664B2D}.Debug|Any CPU.ActiveCfg = Debug|Any CPU
		{33BBA640-1634-4405-8A1A-4EF347664B2D}.Debug|Any CPU.Build.0 = Debug|Any CPU
		{33BBA640-1634-4405-8A1A-4EF347664B2D}.Release|Any CPU.ActiveCfg = Release|Any CPU
		{33BBA640-1634-4405-8A1A-4EF347664B2D}.Release|Any CPU.Build.0 = Release|Any CPU
		{27F80194-DE96-4AE2-A2D4-961FC556E511}.Debug|Any CPU.ActiveCfg = Debug|Any CPU
		{27F80194-DE96-4AE2-A2D4-961FC556E511}.Debug|Any CPU.Build.0 = Debug|Any CPU
		{27F80194-DE96-4AE2-A2D4-961FC556E511}.Release|Any CPU.ActiveCfg = Release|Any CPU
		{27F80194-DE96-4AE2-A2D4-961FC556E511}.Release|Any CPU.Build.0 = Release|Any CPU
	EndGlobalSection
	GlobalSection(NestedProjects) = preSolution
	EndGlobalSection
EndGlobal
